
Microsoft Visual Studio Solution File, Format Version 12.00
# Visual Studio Version 17
VisualStudioVersion = 17.9.34723.18
MinimumVisualStudioVersion = 10.0.40219.1
Project("{FAE04EC0-301F-11D3-BF4B-00C04F79EFBC}") = "Todo_API_application", "Todo_API_application\Todo_API_application.csproj", "{82DD8B90-31A9-465B-B87B-C3FE4F1B79FA}"
EndProject
Global
	GlobalSection(SolutionConfigurationPlatforms) = preSolution
		Debug|Any CPU = Debug|Any CPU
		Release|Any CPU = Release|Any CPU
	EndGlobalSection
	GlobalSection(ProjectConfigurationPlatforms) = postSolution
		{82DD8B90-31A9-465B-B87B-C3FE4F1B79FA}.Debug|Any CPU.ActiveCfg = Debug|Any CPU
		{82DD8B90-31A9-465B-B87B-C3FE4F1B79FA}.Debug|Any CPU.Build.0 = Debug|Any CPU
		{82DD8B90-31A9-465B-B87B-C3FE4F1B79FA}.Release|Any CPU.ActiveCfg = Release|Any CPU
		{82DD8B90-31A9-465B-B87B-C3FE4F1B79FA}.Release|Any CPU.Build.0 = Release|Any CPU
	EndGlobalSection
	GlobalSection(SolutionProperties) = preSolution
		HideSolutionNode = FALSE
	EndGlobalSection
	GlobalSection(ExtensibilityGlobals) = postSolution
		SolutionGuid = {63D2850D-077D-434B-849E-C798B58694CF}
	EndGlobalSection
EndGlobal
